
Microsoft Visual Studio Solution File, Format Version 12.00
# Visual Studio Version 16
VisualStudioVersion = 16.0.30320.27
MinimumVisualStudioVersion = 10.0.40219.1
Project("{159641D6-6404-4A2A-AE62-294DE0FE8301}") = "Guia4", "Guia4\Guia4.dtproj", "{0B8382F4-F990-407D-BA62-2F35A999B49D}"
EndProject
Global
	GlobalSection(SolutionConfigurationPlatforms) = preSolution
		Development|Default = Development|Default
	EndGlobalSection
	GlobalSection(ProjectConfigurationPlatforms) = postSolution
		{0B8382F4-F990-407D-BA62-2F35A999B49D}.Development|Default.ActiveCfg = Development
		{0B8382F4-F990-407D-BA62-2F35A999B49D}.Development|Default.Build.0 = Development
	EndGlobalSection
	GlobalSection(SolutionProperties) = preSolution
		HideSolutionNode = FALSE
	EndGlobalSection
	GlobalSection(ExtensibilityGlobals) = postSolution
		SolutionGuid = {D74C6A77-88AD-4B85-BF03-562E54E99CE3}
	EndGlobalSection
EndGlobal
