
Microsoft Visual Studio Solution File, Format Version 12.00
# Visual Studio Version 16
VisualStudioVersion = 16.0.30320.27
MinimumVisualStudioVersion = 10.0.40219.1
Project("{159641D6-6404-4A2A-AE62-294DE0FE8301}") = "Ejercicio3", "Ejercicio3\Ejercicio3.dtproj", "{6150EDE3-0F75-450E-8014-3C1CF13EB1C3}"
EndProject
Global
	GlobalSection(SolutionConfigurationPlatforms) = preSolution
		Development|Default = Development|Default
	EndGlobalSection
	GlobalSection(ProjectConfigurationPlatforms) = postSolution
		{6150EDE3-0F75-450E-8014-3C1CF13EB1C3}.Development|Default.ActiveCfg = Development
		{6150EDE3-0F75-450E-8014-3C1CF13EB1C3}.Development|Default.Build.0 = Development
	EndGlobalSection
	GlobalSection(SolutionProperties) = preSolution
		HideSolutionNode = FALSE
	EndGlobalSection
	GlobalSection(ExtensibilityGlobals) = postSolution
		SolutionGuid = {1F58C982-9A42-4581-999A-ACE6C06DCC2F}
	EndGlobalSection
EndGlobal
